
Microsoft Visual Studio Solution File, Format Version 12.00
# Visual Studio Version 16
VisualStudioVersion = 16.0.29319.158
MinimumVisualStudioVersion = 10.0.40219.1
Project("{FAE04EC0-301F-11D3-BF4B-00C04F79EFBC}") = "ConAppCsv", "ConAppCsv\ConAppCsv.csproj", "{62DEC9EA-DAFB-4389-B739-971A1B626879}"
EndProject
Project("{FAE04EC0-301F-11D3-BF4B-00C04F79EFBC}") = "ConAppXml", "ConAppXml\ConAppXml.csproj", "{56BC5E96-663E-4AF1-91FF-FFF6325D3B48}"
EndProject
Global
	GlobalSection(SolutionConfigurationPlatforms) = preSolution
		Debug|Any CPU = Debug|Any CPU
		Release|Any CPU = Release|Any CPU
	EndGlobalSection
	GlobalSection(ProjectConfigurationPlatforms) = postSolution
		{62DEC9EA-DAFB-4389-B739-971A1B626879}.Debug|Any CPU.ActiveCfg = Debug|Any CPU
		{62DEC9EA-DAFB-4389-B739-971A1B626879}.Debug|Any CPU.Build.0 = Debug|Any CPU
		{62DEC9EA-DAFB-4389-B739-971A1B626879}.Release|Any CPU.ActiveCfg = Release|Any CPU
		{62DEC9EA-DAFB-4389-B739-971A1B626879}.Release|Any CPU.Build.0 = Release|Any CPU
		{56BC5E96-663E-4AF1-91FF-FFF6325D3B48}.Debug|Any CPU.ActiveCfg = Debug|Any CPU
		{56BC5E96-663E-4AF1-91FF-FFF6325D3B48}.Debug|Any CPU.Build.0 = Debug|Any CPU
		{56BC5E96-663E-4AF1-91FF-FFF6325D3B48}.Release|Any CPU.ActiveCfg = Release|Any CPU
		{56BC5E96-663E-4AF1-91FF-FFF6325D3B48}.Release|Any CPU.Build.0 = Release|Any CPU
	EndGlobalSection
	GlobalSection(SolutionProperties) = preSolution
		HideSolutionNode = FALSE
	EndGlobalSection
	GlobalSection(ExtensibilityGlobals) = postSolution
		SolutionGuid = {2AEB77CF-3479-418F-BB35-118EEAD2AC96}
	EndGlobalSection
EndGlobal
